
Microsoft Visual Studio Solution File, Format Version 12.00
# Visual Studio 15
VisualStudioVersion = 15.0.28307.421
MinimumVisualStudioVersion = 10.0.40219.1
Project("{FAE04EC0-301F-11D3-BF4B-00C04F79EFBC}") = "DIrectoryTree", "DIrectoryTree\DIrectoryTree.csproj", "{9F6526A5-D0A1-483D-A509-063CF22C2FC7}"
EndProject
Global
	GlobalSection(SolutionConfigurationPlatforms) = preSolution
		Debug|Any CPU = Debug|Any CPU
		Release|Any CPU = Release|Any CPU
	EndGlobalSection
	GlobalSection(ProjectConfigurationPlatforms) = postSolution
		{9F6526A5-D0A1-483D-A509-063CF22C2FC7}.Debug|Any CPU.ActiveCfg = Debug|Any CPU
		{9F6526A5-D0A1-483D-A509-063CF22C2FC7}.Debug|Any CPU.Build.0 = Debug|Any CPU
		{9F6526A5-D0A1-483D-A509-063CF22C2FC7}.Release|Any CPU.ActiveCfg = Release|Any CPU
		{9F6526A5-D0A1-483D-A509-063CF22C2FC7}.Release|Any CPU.Build.0 = Release|Any CPU
	EndGlobalSection
	GlobalSection(SolutionProperties) = preSolution
		HideSolutionNode = FALSE
	EndGlobalSection
	GlobalSection(ExtensibilityGlobals) = postSolution
		SolutionGuid = {6A5C8E9B-2E99-45DA-837D-CFB254D73A1D}
	EndGlobalSection
EndGlobal
